
Microsoft Visual Studio Solution File, Format Version 12.00
# Visual Studio Version 17
VisualStudioVersion = 17.0.31903.59
MinimumVisualStudioVersion = 10.0.40219.1
Project("{FAE04EC0-301F-11D3-BF4B-00C04F79EFBC}") = "ConsoleApp1", "src\PencilKata.App\ConsoleApp1\ConsoleApp1.csproj", "{A2336D45-57C0-4B87-9309-29906FEC2EAF}"
EndProject
Project("{FAE04EC0-301F-11D3-BF4B-00C04F79EFBC}") = "PencilKata.Tests", "PencilKata.Tests\PencilKata.Tests.csproj", "{D2D5B137-16D0-4326-BC14-024400611833}"
EndProject
Global
	GlobalSection(SolutionConfigurationPlatforms) = preSolution
		Debug|Any CPU = Debug|Any CPU
		Release|Any CPU = Release|Any CPU
	EndGlobalSection
	GlobalSection(SolutionProperties) = preSolution
		HideSolutionNode = FALSE
	EndGlobalSection
	GlobalSection(ProjectConfigurationPlatforms) = postSolution
		{A2336D45-57C0-4B87-9309-29906FEC2EAF}.Debug|Any CPU.ActiveCfg = Debug|Any CPU
		{A2336D45-57C0-4B87-9309-29906FEC2EAF}.Debug|Any CPU.Build.0 = Debug|Any CPU
		{A2336D45-57C0-4B87-9309-29906FEC2EAF}.Release|Any CPU.ActiveCfg = Release|Any CPU
		{A2336D45-57C0-4B87-9309-29906FEC2EAF}.Release|Any CPU.Build.0 = Release|Any CPU
		{D2D5B137-16D0-4326-BC14-024400611833}.Debug|Any CPU.ActiveCfg = Debug|Any CPU
		{D2D5B137-16D0-4326-BC14-024400611833}.Debug|Any CPU.Build.0 = Debug|Any CPU
		{D2D5B137-16D0-4326-BC14-024400611833}.Release|Any CPU.ActiveCfg = Release|Any CPU
		{D2D5B137-16D0-4326-BC14-024400611833}.Release|Any CPU.Build.0 = Release|Any CPU
	EndGlobalSection
EndGlobal
